
Microsoft Visual Studio Solution File, Format Version 12.00
# Visual Studio Version 17
VisualStudioVersion = 17.2.32630.192
MinimumVisualStudioVersion = 10.0.40219.1
Project("{FAE04EC0-301F-11D3-BF4B-00C04F79EFBC}") = "WpfApp1", "WpfApp1\WpfApp1.csproj", "{F4E72DA9-4E2B-4C87-8AD3-870682792C25}"
EndProject
Global
	GlobalSection(SolutionConfigurationPlatforms) = preSolution
		Debug|Any CPU = Debug|Any CPU
		Release|Any CPU = Release|Any CPU
	EndGlobalSection
	GlobalSection(ProjectConfigurationPlatforms) = postSolution
		{F4E72DA9-4E2B-4C87-8AD3-870682792C25}.Debug|Any CPU.ActiveCfg = Debug|Any CPU
		{F4E72DA9-4E2B-4C87-8AD3-870682792C25}.Debug|Any CPU.Build.0 = Debug|Any CPU
		{F4E72DA9-4E2B-4C87-8AD3-870682792C25}.Release|Any CPU.ActiveCfg = Release|Any CPU
		{F4E72DA9-4E2B-4C87-8AD3-870682792C25}.Release|Any CPU.Build.0 = Release|Any CPU
	EndGlobalSection
	GlobalSection(SolutionProperties) = preSolution
		HideSolutionNode = FALSE
	EndGlobalSection
	GlobalSection(ExtensibilityGlobals) = postSolution
		SolutionGuid = {86F3D09E-E6BB-407C-A04F-E019CFFF3FFE}
	EndGlobalSection
EndGlobal
